
Microsoft Visual Studio Solution File, Format Version 12.00
# Visual Studio Version 17
VisualStudioVersion = 17.0.32014.148
MinimumVisualStudioVersion = 10.0.40219.1
Project("{FAE04EC0-301F-11D3-BF4B-00C04F79EFBC}") = "BillingSystem", "BillingSystem\BillingSystem.csproj", "{84B6AF5C-908A-4E3A-A376-B6510CDE66AD}"
EndProject
Global
	GlobalSection(SolutionConfigurationPlatforms) = preSolution
		Debug|Any CPU = Debug|Any CPU
		Release|Any CPU = Release|Any CPU
	EndGlobalSection
	GlobalSection(ProjectConfigurationPlatforms) = postSolution
		{84B6AF5C-908A-4E3A-A376-B6510CDE66AD}.Debug|Any CPU.ActiveCfg = Debug|Any CPU
		{84B6AF5C-908A-4E3A-A376-B6510CDE66AD}.Debug|Any CPU.Build.0 = Debug|Any CPU
		{84B6AF5C-908A-4E3A-A376-B6510CDE66AD}.Release|Any CPU.ActiveCfg = Release|Any CPU
		{84B6AF5C-908A-4E3A-A376-B6510CDE66AD}.Release|Any CPU.Build.0 = Release|Any CPU
	EndGlobalSection
	GlobalSection(SolutionProperties) = preSolution
		HideSolutionNode = FALSE
	EndGlobalSection
	GlobalSection(ExtensibilityGlobals) = postSolution
		SolutionGuid = {A202B2DC-4B37-4826-B1D2-907CFC9E81AD}
	EndGlobalSection
EndGlobal
